
Microsoft Visual Studio Solution File, Format Version 12.00
# Visual Studio Version 17
VisualStudioVersion = 17.7.34031.279
MinimumVisualStudioVersion = 10.0.40219.1
Project("{FAE04EC0-301F-11D3-BF4B-00C04F79EFBC}") = "71", "71\71.csproj", "{1BFA2AE5-E042-424E-A420-EFD170E28EE9}"
EndProject
Global
	GlobalSection(SolutionConfigurationPlatforms) = preSolution
		Debug|Any CPU = Debug|Any CPU
		Release|Any CPU = Release|Any CPU
	EndGlobalSection
	GlobalSection(ProjectConfigurationPlatforms) = postSolution
		{1BFA2AE5-E042-424E-A420-EFD170E28EE9}.Debug|Any CPU.ActiveCfg = Debug|Any CPU
		{1BFA2AE5-E042-424E-A420-EFD170E28EE9}.Debug|Any CPU.Build.0 = Debug|Any CPU
		{1BFA2AE5-E042-424E-A420-EFD170E28EE9}.Release|Any CPU.ActiveCfg = Release|Any CPU
		{1BFA2AE5-E042-424E-A420-EFD170E28EE9}.Release|Any CPU.Build.0 = Release|Any CPU
	EndGlobalSection
	GlobalSection(SolutionProperties) = preSolution
		HideSolutionNode = FALSE
	EndGlobalSection
	GlobalSection(ExtensibilityGlobals) = postSolution
		SolutionGuid = {B60614A3-F408-4C84-ABC7-8FD1863B2783}
	EndGlobalSection
EndGlobal
