
Microsoft Visual Studio Solution File, Format Version 12.00
# Visual Studio Version 16
VisualStudioVersion = 16.0.31702.278
MinimumVisualStudioVersion = 10.0.40219.1
Project("{FAE04EC0-301F-11D3-BF4B-00C04F79EFBC}") = "lab1n2", "lab1n2.csproj", "{FAEECA77-5E3B-43B4-98F3-F6B5C5D405F1}"
EndProject
Global
	GlobalSection(SolutionConfigurationPlatforms) = preSolution
		Debug|Any CPU = Debug|Any CPU
		Release|Any CPU = Release|Any CPU
	EndGlobalSection
	GlobalSection(ProjectConfigurationPlatforms) = postSolution
		{FAEECA77-5E3B-43B4-98F3-F6B5C5D405F1}.Debug|Any CPU.ActiveCfg = Debug|Any CPU
		{FAEECA77-5E3B-43B4-98F3-F6B5C5D405F1}.Debug|Any CPU.Build.0 = Debug|Any CPU
		{FAEECA77-5E3B-43B4-98F3-F6B5C5D405F1}.Release|Any CPU.ActiveCfg = Release|Any CPU
		{FAEECA77-5E3B-43B4-98F3-F6B5C5D405F1}.Release|Any CPU.Build.0 = Release|Any CPU
	EndGlobalSection
	GlobalSection(SolutionProperties) = preSolution
		HideSolutionNode = FALSE
	EndGlobalSection
	GlobalSection(ExtensibilityGlobals) = postSolution
		SolutionGuid = {2848F0D9-8271-42AF-84B2-DB699F1D5302}
	EndGlobalSection
EndGlobal
