
Microsoft Visual Studio Solution File, Format Version 12.00
# Visual Studio Version 16
VisualStudioVersion = 25.0.1706.4
MinimumVisualStudioVersion = 10.0.40219.1
Project("{FAE04EC0-301F-11D3-BF4B-00C04F79EFBC}") = "LABA 6", "LABA 6\LABA 6.csproj", "{15FB6812-B3A6-49DB-8901-D2769678208E}"
EndProject
Global
	GlobalSection(SolutionConfigurationPlatforms) = preSolution
		Debug|Any CPU = Debug|Any CPU
		Release|Any CPU = Release|Any CPU
	EndGlobalSection
	GlobalSection(ProjectConfigurationPlatforms) = postSolution
		{15FB6812-B3A6-49DB-8901-D2769678208E}.Debug|Any CPU.ActiveCfg = Debug|Any CPU
		{15FB6812-B3A6-49DB-8901-D2769678208E}.Debug|Any CPU.Build.0 = Debug|Any CPU
		{15FB6812-B3A6-49DB-8901-D2769678208E}.Release|Any CPU.ActiveCfg = Release|Any CPU
		{15FB6812-B3A6-49DB-8901-D2769678208E}.Release|Any CPU.Build.0 = Release|Any CPU
	EndGlobalSection
	GlobalSection(SolutionProperties) = preSolution
		HideSolutionNode = FALSE
	EndGlobalSection
	GlobalSection(ExtensibilityGlobals) = postSolution
		SolutionGuid = {1A472CE8-30FE-44F8-9D3F-E0A644F95931}
	EndGlobalSection
EndGlobal
